# This file is automatically @generated by Cargo.
# It is not intended for manual editing.
version = 4

[[package]]
name = "skilly-core-domain"
version = "0.1.0"

[[package]]
name = "skilly-core-ffi"
version = "0.1.0"
dependencies = [
 "skilly-core-domain",
 "skilly-core-policy",
]

[[package]]
name = "skilly-core-policy"
version = "0.1.0"
dependencies = [
 "skilly-core-domain",
]
